
Microsoft Visual Studio Solution File, Format Version 12.00
# Visual Studio 15
VisualStudioVersion = 15.0.26730.10
MinimumVisualStudioVersion = 10.0.40219.1
Project("{FAE04EC0-301F-11D3-BF4B-00C04F79EFBC}") = "05 Arreglos", "05 Arreglos\05 Arreglos.csproj", "{F6E6179C-8BA9-4513-A47D-CEF31C6E8E10}"
EndProject
Global
	GlobalSection(SolutionConfigurationPlatforms) = preSolution
		Debug|Any CPU = Debug|Any CPU
		Release|Any CPU = Release|Any CPU
	EndGlobalSection
	GlobalSection(ProjectConfigurationPlatforms) = postSolution
		{F6E6179C-8BA9-4513-A47D-CEF31C6E8E10}.Debug|Any CPU.ActiveCfg = Debug|Any CPU
		{F6E6179C-8BA9-4513-A47D-CEF31C6E8E10}.Debug|Any CPU.Build.0 = Debug|Any CPU
		{F6E6179C-8BA9-4513-A47D-CEF31C6E8E10}.Release|Any CPU.ActiveCfg = Release|Any CPU
		{F6E6179C-8BA9-4513-A47D-CEF31C6E8E10}.Release|Any CPU.Build.0 = Release|Any CPU
	EndGlobalSection
	GlobalSection(SolutionProperties) = preSolution
		HideSolutionNode = FALSE
	EndGlobalSection
	GlobalSection(ExtensibilityGlobals) = postSolution
		SolutionGuid = {EA74FFC0-752C-4F98-BE57-CCF4CCD41FB3}
	EndGlobalSection
EndGlobal
