
Microsoft Visual Studio Solution File, Format Version 12.00
# Visual Studio 15
VisualStudioVersion = 15.0.26730.8
MinimumVisualStudioVersion = 10.0.40219.1
Project("{FAE04EC0-301F-11D3-BF4B-00C04F79EFBC}") = "while", "while\while.csproj", "{661E01F9-8BC8-4C7C-957F-EE646D1734A1}"
EndProject
Global
	GlobalSection(SolutionConfigurationPlatforms) = preSolution
		Debug|Any CPU = Debug|Any CPU
		Release|Any CPU = Release|Any CPU
	EndGlobalSection
	GlobalSection(ProjectConfigurationPlatforms) = postSolution
		{661E01F9-8BC8-4C7C-957F-EE646D1734A1}.Debug|Any CPU.ActiveCfg = Debug|Any CPU
		{661E01F9-8BC8-4C7C-957F-EE646D1734A1}.Debug|Any CPU.Build.0 = Debug|Any CPU
		{661E01F9-8BC8-4C7C-957F-EE646D1734A1}.Release|Any CPU.ActiveCfg = Release|Any CPU
		{661E01F9-8BC8-4C7C-957F-EE646D1734A1}.Release|Any CPU.Build.0 = Release|Any CPU
	EndGlobalSection
	GlobalSection(SolutionProperties) = preSolution
		HideSolutionNode = FALSE
	EndGlobalSection
	GlobalSection(ExtensibilityGlobals) = postSolution
		SolutionGuid = {F1A10DA8-03DD-4383-820A-960C18F81649}
	EndGlobalSection
EndGlobal
