
Microsoft Visual Studio Solution File, Format Version 12.00
# Visual Studio 15
VisualStudioVersion = 15.0.26730.12
MinimumVisualStudioVersion = 10.0.40219.1
Project("{FAE04EC0-301F-11D3-BF4B-00C04F79EFBC}") = "06 Coulomb Clases", "06 Coulomb Clases\06 Coulomb Clases.csproj", "{2AE27B9E-1418-4BF6-A0A5-3ADB43D4C3EF}"
EndProject
Global
	GlobalSection(SolutionConfigurationPlatforms) = preSolution
		Debug|Any CPU = Debug|Any CPU
		Release|Any CPU = Release|Any CPU
	EndGlobalSection
	GlobalSection(ProjectConfigurationPlatforms) = postSolution
		{2AE27B9E-1418-4BF6-A0A5-3ADB43D4C3EF}.Debug|Any CPU.ActiveCfg = Debug|Any CPU
		{2AE27B9E-1418-4BF6-A0A5-3ADB43D4C3EF}.Debug|Any CPU.Build.0 = Debug|Any CPU
		{2AE27B9E-1418-4BF6-A0A5-3ADB43D4C3EF}.Release|Any CPU.ActiveCfg = Release|Any CPU
		{2AE27B9E-1418-4BF6-A0A5-3ADB43D4C3EF}.Release|Any CPU.Build.0 = Release|Any CPU
	EndGlobalSection
	GlobalSection(SolutionProperties) = preSolution
		HideSolutionNode = FALSE
	EndGlobalSection
	GlobalSection(ExtensibilityGlobals) = postSolution
		SolutionGuid = {6610FB44-ACE6-4A0D-B381-12E965D423FC}
	EndGlobalSection
EndGlobal
