
Microsoft Visual Studio Solution File, Format Version 12.00
# Visual Studio 15
VisualStudioVersion = 15.0.26730.10
MinimumVisualStudioVersion = 10.0.40219.1
Project("{FAE04EC0-301F-11D3-BF4B-00C04F79EFBC}") = "switch", "switch\switch.csproj", "{33D6EA89-13AD-4FE0-A94D-9F2C57FB72F6}"
EndProject
Global
	GlobalSection(SolutionConfigurationPlatforms) = preSolution
		Debug|Any CPU = Debug|Any CPU
		Release|Any CPU = Release|Any CPU
	EndGlobalSection
	GlobalSection(ProjectConfigurationPlatforms) = postSolution
		{33D6EA89-13AD-4FE0-A94D-9F2C57FB72F6}.Debug|Any CPU.ActiveCfg = Debug|Any CPU
		{33D6EA89-13AD-4FE0-A94D-9F2C57FB72F6}.Debug|Any CPU.Build.0 = Debug|Any CPU
		{33D6EA89-13AD-4FE0-A94D-9F2C57FB72F6}.Release|Any CPU.ActiveCfg = Release|Any CPU
		{33D6EA89-13AD-4FE0-A94D-9F2C57FB72F6}.Release|Any CPU.Build.0 = Release|Any CPU
	EndGlobalSection
	GlobalSection(SolutionProperties) = preSolution
		HideSolutionNode = FALSE
	EndGlobalSection
	GlobalSection(ExtensibilityGlobals) = postSolution
		SolutionGuid = {B05970A8-C32E-403C-921B-BB90F6584BE2}
	EndGlobalSection
EndGlobal
