
Microsoft Visual Studio Solution File, Format Version 12.00
# Visual Studio 15
VisualStudioVersion = 15.0.26730.12
MinimumVisualStudioVersion = 10.0.40219.1
Project("{FAE04EC0-301F-11D3-BF4B-00C04F79EFBC}") = "Plano", "Plano\Plano.csproj", "{34BE0C09-217C-4A41-A923-DC82BB65012F}"
EndProject
Global
	GlobalSection(SolutionConfigurationPlatforms) = preSolution
		Debug|Any CPU = Debug|Any CPU
		Release|Any CPU = Release|Any CPU
	EndGlobalSection
	GlobalSection(ProjectConfigurationPlatforms) = postSolution
		{34BE0C09-217C-4A41-A923-DC82BB65012F}.Debug|Any CPU.ActiveCfg = Debug|Any CPU
		{34BE0C09-217C-4A41-A923-DC82BB65012F}.Debug|Any CPU.Build.0 = Debug|Any CPU
		{34BE0C09-217C-4A41-A923-DC82BB65012F}.Release|Any CPU.ActiveCfg = Release|Any CPU
		{34BE0C09-217C-4A41-A923-DC82BB65012F}.Release|Any CPU.Build.0 = Release|Any CPU
	EndGlobalSection
	GlobalSection(SolutionProperties) = preSolution
		HideSolutionNode = FALSE
	EndGlobalSection
	GlobalSection(ExtensibilityGlobals) = postSolution
		SolutionGuid = {6B0F8AC1-C0E7-48FF-BC9F-EA3558BD6A6B}
	EndGlobalSection
EndGlobal
