
Microsoft Visual Studio Solution File, Format Version 12.00
# Visual Studio 15
VisualStudioVersion = 15.0.26730.16
MinimumVisualStudioVersion = 10.0.40219.1
Project("{FAE04EC0-301F-11D3-BF4B-00C04F79EFBC}") = "Colecciones", "Colecciones\Colecciones.csproj", "{C8F93B92-1CF5-4686-AA4D-0C0445CA6202}"
EndProject
Global
	GlobalSection(SolutionConfigurationPlatforms) = preSolution
		Debug|Any CPU = Debug|Any CPU
		Release|Any CPU = Release|Any CPU
	EndGlobalSection
	GlobalSection(ProjectConfigurationPlatforms) = postSolution
		{C8F93B92-1CF5-4686-AA4D-0C0445CA6202}.Debug|Any CPU.ActiveCfg = Debug|Any CPU
		{C8F93B92-1CF5-4686-AA4D-0C0445CA6202}.Debug|Any CPU.Build.0 = Debug|Any CPU
		{C8F93B92-1CF5-4686-AA4D-0C0445CA6202}.Release|Any CPU.ActiveCfg = Release|Any CPU
		{C8F93B92-1CF5-4686-AA4D-0C0445CA6202}.Release|Any CPU.Build.0 = Release|Any CPU
	EndGlobalSection
	GlobalSection(SolutionProperties) = preSolution
		HideSolutionNode = FALSE
	EndGlobalSection
	GlobalSection(ExtensibilityGlobals) = postSolution
		SolutionGuid = {F45B78A2-7123-474F-AD32-3ED7EF5C320C}
	EndGlobalSection
EndGlobal
